
Microsoft Visual Studio Solution File, Format Version 12.00
# Visual Studio Version 17
VisualStudioVersion = 17.14.36930.0
MinimumVisualStudioVersion = 10.0.40219.1
Project("{FAE04EC0-301F-11D3-BF4B-00C04F79EFBC}") = "Dashboard", "Dashboard\Dashboard.csproj", "{15117113-EE40-8DCA-BC4D-4D4D68604E97}"
EndProject
Project("{FAE04EC0-301F-11D3-BF4B-00C04F79EFBC}") = "PerformanceMonitorLite", "Lite\PerformanceMonitorLite.csproj", "{48718A1C-3679-AB80-1D5F-A9C20CC7EF9A}"
EndProject
Project("{FAE04EC0-301F-11D3-BF4B-00C04F79EFBC}") = "Lite.Tests", "Lite.Tests\Lite.Tests.csproj", "{C4E76DA8-A115-7291-3AD0-12C648E24FF2}"
EndProject
Project("{FAE04EC0-301F-11D3-BF4B-00C04F79EFBC}") = "PerformanceMonitorInstaller", "Installer\PerformanceMonitorInstaller.csproj", "{0F1EFD0D-61B6-D475-3A2E-ED7FD83BCE6E}"
EndProject
Project("{FAE04EC0-301F-11D3-BF4B-00C04F79EFBC}") = "Installer.Tests", "Installer.Tests\Installer.Tests.csproj", "{9B2800D2-8F32-450E-A169-86B381EA5560}"
EndProject
Project("{FAE04EC0-301F-11D3-BF4B-00C04F79EFBC}") = "Installer.Core", "Installer.Core\Installer.Core.csproj", "{AFA0BA1D-42D6-4E01-9D6C-B7E327E1B7D3}"
EndProject
Project("{FAE04EC0-301F-11D3-BF4B-00C04F79EFBC}") = "Dashboard.Tests", "Dashboard.Tests\Dashboard.Tests.csproj", "{769BF5E2-21F2-4D14-8C45-DC46FB9E3D86}"
EndProject
Project("{FAE04EC0-301F-11D3-BF4B-00C04F79EFBC}") = "PerformanceMonitor.Analysis", "PerformanceMonitor.Analysis\PerformanceMonitor.Analysis.csproj", "{2F8A8C93-4B0D-4B5E-A898-3B1FCD882B5B}"
EndProject
Project("{FAE04EC0-301F-11D3-BF4B-00C04F79EFBC}") = "PerformanceMonitor.PlanAnalysis", "PerformanceMonitor.PlanAnalysis\PerformanceMonitor.PlanAnalysis.csproj", "{073D8E4A-BD40-40B4-A09B-5E3770DF1814}"
EndProject
Project("{FAE04EC0-301F-11D3-BF4B-00C04F79EFBC}") = "PerformanceMonitor.Notifications", "PerformanceMonitor.Notifications\PerformanceMonitor.Notifications.csproj", "{B99615A9-B1DD-4D22-B286-709A45A51E13}"
EndProject
Project("{FAE04EC0-301F-11D3-BF4B-00C04F79EFBC}") = "PerformanceMonitor.Ui", "PerformanceMonitor.Ui\PerformanceMonitor.Ui.csproj", "{0FF3B5E6-E9A4-4287-96EF-B3A3FF114208}"
EndProject
Project("{FAE04EC0-301F-11D3-BF4B-00C04F79EFBC}") = "PerformanceMonitor.Common", "PerformanceMonitor.Common\PerformanceMonitor.Common.csproj", "{B8E43A96-5D83-4DBA-B015-DF354ED136F4}"
EndProject
Global
	GlobalSection(SolutionConfigurationPlatforms) = preSolution
		Debug|Any CPU = Debug|Any CPU
		Debug|x64 = Debug|x64
		Debug|x86 = Debug|x86
		Release|Any CPU = Release|Any CPU
		Release|x64 = Release|x64
		Release|x86 = Release|x86
	EndGlobalSection
	GlobalSection(ProjectConfigurationPlatforms) = postSolution
		{15117113-EE40-8DCA-BC4D-4D4D68604E97}.Debug|Any CPU.ActiveCfg = Debug|Any CPU
		{15117113-EE40-8DCA-BC4D-4D4D68604E97}.Debug|Any CPU.Build.0 = Debug|Any CPU
		{15117113-EE40-8DCA-BC4D-4D4D68604E97}.Debug|x64.ActiveCfg = Debug|Any CPU
		{15117113-EE40-8DCA-BC4D-4D4D68604E97}.Debug|x64.Build.0 = Debug|Any CPU
		{15117113-EE40-8DCA-BC4D-4D4D68604E97}.Debug|x86.ActiveCfg = Debug|Any CPU
		{15117113-EE40-8DCA-BC4D-4D4D68604E97}.Debug|x86.Build.0 = Debug|Any CPU
		{15117113-EE40-8DCA-BC4D-4D4D68604E97}.Release|Any CPU.ActiveCfg = Release|Any CPU
		{15117113-EE40-8DCA-BC4D-4D4D68604E97}.Release|Any CPU.Build.0 = Release|Any CPU
		{15117113-EE40-8DCA-BC4D-4D4D68604E97}.Release|x64.ActiveCfg = Release|Any CPU
		{15117113-EE40-8DCA-BC4D-4D4D68604E97}.Release|x64.Build.0 = Release|Any CPU
		{15117113-EE40-8DCA-BC4D-4D4D68604E97}.Release|x86.ActiveCfg = Release|Any CPU
		{15117113-EE40-8DCA-BC4D-4D4D68604E97}.Release|x86.Build.0 = Release|Any CPU
		{48718A1C-3679-AB80-1D5F-A9C20CC7EF9A}.Debug|Any CPU.ActiveCfg = Debug|Any CPU
		{48718A1C-3679-AB80-1D5F-A9C20CC7EF9A}.Debug|Any CPU.Build.0 = Debug|Any CPU
		{48718A1C-3679-AB80-1D5F-A9C20CC7EF9A}.Debug|x64.ActiveCfg = Debug|Any CPU
		{48718A1C-3679-AB80-1D5F-A9C20CC7EF9A}.Debug|x64.Build.0 = Debug|Any CPU
		{48718A1C-3679-AB80-1D5F-A9C20CC7EF9A}.Debug|x86.ActiveCfg = Debug|Any CPU
		{48718A1C-3679-AB80-1D5F-A9C20CC7EF9A}.Debug|x86.Build.0 = Debug|Any CPU
		{48718A1C-3679-AB80-1D5F-A9C20CC7EF9A}.Release|Any CPU.ActiveCfg = Release|Any CPU
		{48718A1C-3679-AB80-1D5F-A9C20CC7EF9A}.Release|Any CPU.Build.0 = Release|Any CPU
		{48718A1C-3679-AB80-1D5F-A9C20CC7EF9A}.Release|x64.ActiveCfg = Release|Any CPU
		{48718A1C-3679-AB80-1D5F-A9C20CC7EF9A}.Release|x64.Build.0 = Release|Any CPU
		{48718A1C-3679-AB80-1D5F-A9C20CC7EF9A}.Release|x86.ActiveCfg = Release|Any CPU
		{48718A1C-3679-AB80-1D5F-A9C20CC7EF9A}.Release|x86.Build.0 = Release|Any CPU
		{C4E76DA8-A115-7291-3AD0-12C648E24FF2}.Debug|Any CPU.ActiveCfg = Debug|Any CPU
		{C4E76DA8-A115-7291-3AD0-12C648E24FF2}.Debug|Any CPU.Build.0 = Debug|Any CPU
		{C4E76DA8-A115-7291-3AD0-12C648E24FF2}.Debug|x64.ActiveCfg = Debug|Any CPU
		{C4E76DA8-A115-7291-3AD0-12C648E24FF2}.Debug|x64.Build.0 = Debug|Any CPU
		{C4E76DA8-A115-7291-3AD0-12C648E24FF2}.Debug|x86.ActiveCfg = Debug|Any CPU
		{C4E76DA8-A115-7291-3AD0-12C648E24FF2}.Debug|x86.Build.0 = Debug|Any CPU
		{C4E76DA8-A115-7291-3AD0-12C648E24FF2}.Release|Any CPU.ActiveCfg = Release|Any CPU
		{C4E76DA8-A115-7291-3AD0-12C648E24FF2}.Release|Any CPU.Build.0 = Release|Any CPU
		{C4E76DA8-A115-7291-3AD0-12C648E24FF2}.Release|x64.ActiveCfg = Release|Any CPU
		{C4E76DA8-A115-7291-3AD0-12C648E24FF2}.Release|x64.Build.0 = Release|Any CPU
		{C4E76DA8-A115-7291-3AD0-12C648E24FF2}.Release|x86.ActiveCfg = Release|Any CPU
		{C4E76DA8-A115-7291-3AD0-12C648E24FF2}.Release|x86.Build.0 = Release|Any CPU
		{0F1EFD0D-61B6-D475-3A2E-ED7FD83BCE6E}.Debug|Any CPU.ActiveCfg = Debug|Any CPU
		{0F1EFD0D-61B6-D475-3A2E-ED7FD83BCE6E}.Debug|Any CPU.Build.0 = Debug|Any CPU
		{0F1EFD0D-61B6-D475-3A2E-ED7FD83BCE6E}.Debug|x64.ActiveCfg = Debug|Any CPU
		{0F1EFD0D-61B6-D475-3A2E-ED7FD83BCE6E}.Debug|x64.Build.0 = Debug|Any CPU
		{0F1EFD0D-61B6-D475-3A2E-ED7FD83BCE6E}.Debug|x86.ActiveCfg = Debug|Any CPU
		{0F1EFD0D-61B6-D475-3A2E-ED7FD83BCE6E}.Debug|x86.Build.0 = Debug|Any CPU
		{0F1EFD0D-61B6-D475-3A2E-ED7FD83BCE6E}.Release|Any CPU.ActiveCfg = Release|Any CPU
		{0F1EFD0D-61B6-D475-3A2E-ED7FD83BCE6E}.Release|Any CPU.Build.0 = Release|Any CPU
		{0F1EFD0D-61B6-D475-3A2E-ED7FD83BCE6E}.Release|x64.ActiveCfg = Release|Any CPU
		{0F1EFD0D-61B6-D475-3A2E-ED7FD83BCE6E}.Release|x64.Build.0 = Release|Any CPU
		{0F1EFD0D-61B6-D475-3A2E-ED7FD83BCE6E}.Release|x86.ActiveCfg = Release|Any CPU
		{0F1EFD0D-61B6-D475-3A2E-ED7FD83BCE6E}.Release|x86.Build.0 = Release|Any CPU
		{9B2800D2-8F32-450E-A169-86B381EA5560}.Debug|Any CPU.ActiveCfg = Debug|Any CPU
		{9B2800D2-8F32-450E-A169-86B381EA5560}.Debug|Any CPU.Build.0 = Debug|Any CPU
		{9B2800D2-8F32-450E-A169-86B381EA5560}.Debug|x64.ActiveCfg = Debug|Any CPU
		{9B2800D2-8F32-450E-A169-86B381EA5560}.Debug|x64.Build.0 = Debug|Any CPU
		{9B2800D2-8F32-450E-A169-86B381EA5560}.Debug|x86.ActiveCfg = Debug|Any CPU
		{9B2800D2-8F32-450E-A169-86B381EA5560}.Debug|x86.Build.0 = Debug|Any CPU
		{9B2800D2-8F32-450E-A169-86B381EA5560}.Release|Any CPU.ActiveCfg = Release|Any CPU
		{9B2800D2-8F32-450E-A169-86B381EA5560}.Release|Any CPU.Build.0 = Release|Any CPU
		{9B2800D2-8F32-450E-A169-86B381EA5560}.Release|x64.ActiveCfg = Release|Any CPU
		{9B2800D2-8F32-450E-A169-86B381EA5560}.Release|x64.Build.0 = Release|Any CPU
		{9B2800D2-8F32-450E-A169-86B381EA5560}.Release|x86.ActiveCfg = Release|Any CPU
		{9B2800D2-8F32-450E-A169-86B381EA5560}.Release|x86.Build.0 = Release|Any CPU
		{AFA0BA1D-42D6-4E01-9D6C-B7E327E1B7D3}.Debug|Any CPU.ActiveCfg = Debug|Any CPU
		{AFA0BA1D-42D6-4E01-9D6C-B7E327E1B7D3}.Debug|Any CPU.Build.0 = Debug|Any CPU
		{AFA0BA1D-42D6-4E01-9D6C-B7E327E1B7D3}.Debug|x64.ActiveCfg = Debug|Any CPU
		{AFA0BA1D-42D6-4E01-9D6C-B7E327E1B7D3}.Debug|x64.Build.0 = Debug|Any CPU
		{AFA0BA1D-42D6-4E01-9D6C-B7E327E1B7D3}.Debug|x86.ActiveCfg = Debug|Any CPU
		{AFA0BA1D-42D6-4E01-9D6C-B7E327E1B7D3}.Debug|x86.Build.0 = Debug|Any CPU
		{AFA0BA1D-42D6-4E01-9D6C-B7E327E1B7D3}.Release|Any CPU.ActiveCfg = Release|Any CPU
		{AFA0BA1D-42D6-4E01-9D6C-B7E327E1B7D3}.Release|Any CPU.Build.0 = Release|Any CPU
		{AFA0BA1D-42D6-4E01-9D6C-B7E327E1B7D3}.Release|x64.ActiveCfg = Release|Any CPU
		{AFA0BA1D-42D6-4E01-9D6C-B7E327E1B7D3}.Release|x64.Build.0 = Release|Any CPU
		{AFA0BA1D-42D6-4E01-9D6C-B7E327E1B7D3}.Release|x86.ActiveCfg = Release|Any CPU
		{AFA0BA1D-42D6-4E01-9D6C-B7E327E1B7D3}.Release|x86.Build.0 = Release|Any CPU
		{769BF5E2-21F2-4D14-8C45-DC46FB9E3D86}.Debug|Any CPU.ActiveCfg = Debug|Any CPU
		{769BF5E2-21F2-4D14-8C45-DC46FB9E3D86}.Debug|Any CPU.Build.0 = Debug|Any CPU
		{769BF5E2-21F2-4D14-8C45-DC46FB9E3D86}.Debug|x64.ActiveCfg = Debug|Any CPU
		{769BF5E2-21F2-4D14-8C45-DC46FB9E3D86}.Debug|x64.Build.0 = Debug|Any CPU
		{769BF5E2-21F2-4D14-8C45-DC46FB9E3D86}.Debug|x86.ActiveCfg = Debug|Any CPU
		{769BF5E2-21F2-4D14-8C45-DC46FB9E3D86}.Debug|x86.Build.0 = Debug|Any CPU
		{769BF5E2-21F2-4D14-8C45-DC46FB9E3D86}.Release|Any CPU.ActiveCfg = Release|Any CPU
		{769BF5E2-21F2-4D14-8C45-DC46FB9E3D86}.Release|Any CPU.Build.0 = Release|Any CPU
		{769BF5E2-21F2-4D14-8C45-DC46FB9E3D86}.Release|x64.ActiveCfg = Release|Any CPU
		{769BF5E2-21F2-4D14-8C45-DC46FB9E3D86}.Release|x64.Build.0 = Release|Any CPU
		{769BF5E2-21F2-4D14-8C45-DC46FB9E3D86}.Release|x86.ActiveCfg = Release|Any CPU
		{769BF5E2-21F2-4D14-8C45-DC46FB9E3D86}.Release|x86.Build.0 = Release|Any CPU
		{2F8A8C93-4B0D-4B5E-A898-3B1FCD882B5B}.Debug|Any CPU.ActiveCfg = Debug|Any CPU
		{2F8A8C93-4B0D-4B5E-A898-3B1FCD882B5B}.Debug|Any CPU.Build.0 = Debug|Any CPU
		{2F8A8C93-4B0D-4B5E-A898-3B1FCD882B5B}.Debug|x64.ActiveCfg = Debug|Any CPU
		{2F8A8C93-4B0D-4B5E-A898-3B1FCD882B5B}.Debug|x64.Build.0 = Debug|Any CPU
		{2F8A8C93-4B0D-4B5E-A898-3B1FCD882B5B}.Debug|x86.ActiveCfg = Debug|Any CPU
		{2F8A8C93-4B0D-4B5E-A898-3B1FCD882B5B}.Debug|x86.Build.0 = Debug|Any CPU
		{2F8A8C93-4B0D-4B5E-A898-3B1FCD882B5B}.Release|Any CPU.ActiveCfg = Release|Any CPU
		{2F8A8C93-4B0D-4B5E-A898-3B1FCD882B5B}.Release|Any CPU.Build.0 = Release|Any CPU
		{2F8A8C93-4B0D-4B5E-A898-3B1FCD882B5B}.Release|x64.ActiveCfg = Release|Any CPU
		{2F8A8C93-4B0D-4B5E-A898-3B1FCD882B5B}.Release|x64.Build.0 = Release|Any CPU
		{2F8A8C93-4B0D-4B5E-A898-3B1FCD882B5B}.Release|x86.ActiveCfg = Release|Any CPU
		{2F8A8C93-4B0D-4B5E-A898-3B1FCD882B5B}.Release|x86.Build.0 = Release|Any CPU
		{073D8E4A-BD40-40B4-A09B-5E3770DF1814}.Debug|Any CPU.ActiveCfg = Debug|Any CPU
		{073D8E4A-BD40-40B4-A09B-5E3770DF1814}.Debug|Any CPU.Build.0 = Debug|Any CPU
		{073D8E4A-BD40-40B4-A09B-5E3770DF1814}.Debug|x64.ActiveCfg = Debug|Any CPU
		{073D8E4A-BD40-40B4-A09B-5E3770DF1814}.Debug|x64.Build.0 = Debug|Any CPU
		{073D8E4A-BD40-40B4-A09B-5E3770DF1814}.Debug|x86.ActiveCfg = Debug|Any CPU
		{073D8E4A-BD40-40B4-A09B-5E3770DF1814}.Debug|x86.Build.0 = Debug|Any CPU
		{073D8E4A-BD40-40B4-A09B-5E3770DF1814}.Release|Any CPU.ActiveCfg = Release|Any CPU
		{073D8E4A-BD40-40B4-A09B-5E3770DF1814}.Release|Any CPU.Build.0 = Release|Any CPU
		{073D8E4A-BD40-40B4-A09B-5E3770DF1814}.Release|x64.ActiveCfg = Release|Any CPU
		{073D8E4A-BD40-40B4-A09B-5E3770DF1814}.Release|x64.Build.0 = Release|Any CPU
		{073D8E4A-BD40-40B4-A09B-5E3770DF1814}.Release|x86.ActiveCfg = Release|Any CPU
		{073D8E4A-BD40-40B4-A09B-5E3770DF1814}.Release|x86.Build.0 = Release|Any CPU
		{B99615A9-B1DD-4D22-B286-709A45A51E13}.Debug|Any CPU.ActiveCfg = Debug|Any CPU
		{B99615A9-B1DD-4D22-B286-709A45A51E13}.Debug|Any CPU.Build.0 = Debug|Any CPU
		{B99615A9-B1DD-4D22-B286-709A45A51E13}.Debug|x64.ActiveCfg = Debug|Any CPU
		{B99615A9-B1DD-4D22-B286-709A45A51E13}.Debug|x64.Build.0 = Debug|Any CPU
		{B99615A9-B1DD-4D22-B286-709A45A51E13}.Debug|x86.ActiveCfg = Debug|Any CPU
		{B99615A9-B1DD-4D22-B286-709A45A51E13}.Debug|x86.Build.0 = Debug|Any CPU
		{B99615A9-B1DD-4D22-B286-709A45A51E13}.Release|Any CPU.ActiveCfg = Release|Any CPU
		{B99615A9-B1DD-4D22-B286-709A45A51E13}.Release|Any CPU.Build.0 = Release|Any CPU
		{B99615A9-B1DD-4D22-B286-709A45A51E13}.Release|x64.ActiveCfg = Release|Any CPU
		{B99615A9-B1DD-4D22-B286-709A45A51E13}.Release|x64.Build.0 = Release|Any CPU
		{B99615A9-B1DD-4D22-B286-709A45A51E13}.Release|x86.ActiveCfg = Release|Any CPU
		{B99615A9-B1DD-4D22-B286-709A45A51E13}.Release|x86.Build.0 = Release|Any CPU
		{0FF3B5E6-E9A4-4287-96EF-B3A3FF114208}.Debug|Any CPU.ActiveCfg = Debug|Any CPU
		{0FF3B5E6-E9A4-4287-96EF-B3A3FF114208}.Debug|Any CPU.Build.0 = Debug|Any CPU
		{0FF3B5E6-E9A4-4287-96EF-B3A3FF114208}.Debug|x64.ActiveCfg = Debug|Any CPU
		{0FF3B5E6-E9A4-4287-96EF-B3A3FF114208}.Debug|x64.Build.0 = Debug|Any CPU
		{0FF3B5E6-E9A4-4287-96EF-B3A3FF114208}.Debug|x86.ActiveCfg = Debug|Any CPU
		{0FF3B5E6-E9A4-4287-96EF-B3A3FF114208}.Debug|x86.Build.0 = Debug|Any CPU
		{0FF3B5E6-E9A4-4287-96EF-B3A3FF114208}.Release|Any CPU.ActiveCfg = Release|Any CPU
		{0FF3B5E6-E9A4-4287-96EF-B3A3FF114208}.Release|Any CPU.Build.0 = Release|Any CPU
		{0FF3B5E6-E9A4-4287-96EF-B3A3FF114208}.Release|x64.ActiveCfg = Release|Any CPU
		{0FF3B5E6-E9A4-4287-96EF-B3A3FF114208}.Release|x64.Build.0 = Release|Any CPU
		{0FF3B5E6-E9A4-4287-96EF-B3A3FF114208}.Release|x86.ActiveCfg = Release|Any CPU
		{0FF3B5E6-E9A4-4287-96EF-B3A3FF114208}.Release|x86.Build.0 = Release|Any CPU
		{B8E43A96-5D83-4DBA-B015-DF354ED136F4}.Debug|Any CPU.ActiveCfg = Debug|Any CPU
		{B8E43A96-5D83-4DBA-B015-DF354ED136F4}.Debug|Any CPU.Build.0 = Debug|Any CPU
		{B8E43A96-5D83-4DBA-B015-DF354ED136F4}.Debug|x64.ActiveCfg = Debug|Any CPU
		{B8E43A96-5D83-4DBA-B015-DF354ED136F4}.Debug|x64.Build.0 = Debug|Any CPU
		{B8E43A96-5D83-4DBA-B015-DF354ED136F4}.Debug|x86.ActiveCfg = Debug|Any CPU
		{B8E43A96-5D83-4DBA-B015-DF354ED136F4}.Debug|x86.Build.0 = Debug|Any CPU
		{B8E43A96-5D83-4DBA-B015-DF354ED136F4}.Release|Any CPU.ActiveCfg = Release|Any CPU
		{B8E43A96-5D83-4DBA-B015-DF354ED136F4}.Release|Any CPU.Build.0 = Release|Any CPU
		{B8E43A96-5D83-4DBA-B015-DF354ED136F4}.Release|x64.ActiveCfg = Release|Any CPU
		{B8E43A96-5D83-4DBA-B015-DF354ED136F4}.Release|x64.Build.0 = Release|Any CPU
		{B8E43A96-5D83-4DBA-B015-DF354ED136F4}.Release|x86.ActiveCfg = Release|Any CPU
		{B8E43A96-5D83-4DBA-B015-DF354ED136F4}.Release|x86.Build.0 = Release|Any CPU
	EndGlobalSection
	GlobalSection(SolutionProperties) = preSolution
		HideSolutionNode = FALSE
	EndGlobalSection
	GlobalSection(ExtensibilityGlobals) = postSolution
		SolutionGuid = {88C537F3-44C6-43A9-AFDC-65D59D9FB5E7}
	EndGlobalSection
EndGlobal
